
Microsoft Visual Studio Solution File, Format Version 12.00
# Visual Studio 15
Project("{FAE04EC0-301F-11D3-BF4B-00C04F79EFBC}") = "LoggingExample", "LoggingExample\LoggingExample.csproj", "{93130729-EC21-4DB6-B8FE-E14843A6D848}"
EndProject
Project("{E53339B2-1760-4266-BCC7-CA923CBCF16C}") = "docker-compose", "docker-compose.dcproj", "{0D10D804-84F1-4AC7-97A9-E37A92AD548D}"
EndProject
Global
	GlobalSection(SolutionConfigurationPlatforms) = preSolution
		Debug|Any CPU = Debug|Any CPU
		Release|Any CPU = Release|Any CPU
	EndGlobalSection
	GlobalSection(ProjectConfigurationPlatforms) = postSolution
		{93130729-EC21-4DB6-B8FE-E14843A6D848}.Debug|Any CPU.ActiveCfg = Debug|Any CPU
		{93130729-EC21-4DB6-B8FE-E14843A6D848}.Debug|Any CPU.Build.0 = Debug|Any CPU
		{93130729-EC21-4DB6-B8FE-E14843A6D848}.Release|Any CPU.ActiveCfg = Release|Any CPU
		{93130729-EC21-4DB6-B8FE-E14843A6D848}.Release|Any CPU.Build.0 = Release|Any CPU
		{0D10D804-84F1-4AC7-97A9-E37A92AD548D}.Debug|Any CPU.ActiveCfg = Debug|Any CPU
		{0D10D804-84F1-4AC7-97A9-E37A92AD548D}.Debug|Any CPU.Build.0 = Debug|Any CPU
		{0D10D804-84F1-4AC7-97A9-E37A92AD548D}.Release|Any CPU.ActiveCfg = Release|Any CPU
		{0D10D804-84F1-4AC7-97A9-E37A92AD548D}.Release|Any CPU.Build.0 = Release|Any CPU
	EndGlobalSection
EndGlobal
